
Microsoft Visual Studio Solution File, Format Version 12.00
# Visual Studio Version 16
VisualStudioVersion = 16.0.30804.86
MinimumVisualStudioVersion = 10.0.40219.1
Project("{FAE04EC0-301F-11D3-BF4B-00C04F79EFBC}") = "Pubhub", "Pubhub\Pubhub.csproj", "{30394528-F8C7-451D-896B-82AAD42FD7BB}"
EndProject
Global
	GlobalSection(SolutionConfigurationPlatforms) = preSolution
		Debug|Any CPU = Debug|Any CPU
		Release|Any CPU = Release|Any CPU
	EndGlobalSection
	GlobalSection(ProjectConfigurationPlatforms) = postSolution
		{30394528-F8C7-451D-896B-82AAD42FD7BB}.Debug|Any CPU.ActiveCfg = Debug|Any CPU
		{30394528-F8C7-451D-896B-82AAD42FD7BB}.Debug|Any CPU.Build.0 = Debug|Any CPU
		{30394528-F8C7-451D-896B-82AAD42FD7BB}.Release|Any CPU.ActiveCfg = Release|Any CPU
		{30394528-F8C7-451D-896B-82AAD42FD7BB}.Release|Any CPU.Build.0 = Release|Any CPU
	EndGlobalSection
	GlobalSection(SolutionProperties) = preSolution
		HideSolutionNode = FALSE
	EndGlobalSection
	GlobalSection(ExtensibilityGlobals) = postSolution
		SolutionGuid = {16E53145-2211-4BAB-B033-6A303F167760}
	EndGlobalSection
EndGlobal
